
Microsoft Visual Studio Solution File, Format Version 12.00
Project("{FAE04EC0-301F-11D3-BF4B-00C04F79EFBC}") = "ByteCrusher", "ByteCrusher.csproj", "{597B93F6-8095-4B14-9EDE-AB36C4DD814F}"
EndProject
Global
	GlobalSection(SolutionConfigurationPlatforms) = preSolution
		Debug|Any CPU = Debug|Any CPU
		Release|Any CPU = Release|Any CPU
	EndGlobalSection
	GlobalSection(ProjectConfigurationPlatforms) = postSolution
		{597B93F6-8095-4B14-9EDE-AB36C4DD814F}.Debug|Any CPU.ActiveCfg = Debug|Any CPU
		{597B93F6-8095-4B14-9EDE-AB36C4DD814F}.Debug|Any CPU.Build.0 = Debug|Any CPU
		{597B93F6-8095-4B14-9EDE-AB36C4DD814F}.Release|Any CPU.ActiveCfg = Release|Any CPU
		{597B93F6-8095-4B14-9EDE-AB36C4DD814F}.Release|Any CPU.Build.0 = Release|Any CPU
	EndGlobalSection
EndGlobal
