
Microsoft Visual Studio Solution File, Format Version 12.00
Project("{FAE04EC0-301F-11D3-BF4B-00C04F79EFBC}") = "ByteCrusher", "ByteCrusher\ByteCrusher.csproj", "{597B93F6-8095-4B14-9EDE-AB36C4DD814F}"
EndProject
Project("{2150E333-8FDC-42A3-9474-1A3956D46DE8}") = "Examples", "Examples", "{E69BAE54-8CAE-404B-94F9-764A6856C095}"
EndProject
Project("{FAE04EC0-301F-11D3-BF4B-00C04F79EFBC}") = "PingPong", "Demo.PingPong\PingPong.csproj", "{F48CA98E-5864-442C-BDE3-BC985AE8ADCD}"
EndProject
Project("{FAE04EC0-301F-11D3-BF4B-00C04F79EFBC}") = "ByteCrusher.UI", "ByteCrusher.UI\ByteCrusher.UI.csproj", "{B8F53308-15EE-4A84-A8E5-C97AEE7D6EA7}"
EndProject
Project("{FAE04EC0-301F-11D3-BF4B-00C04F79EFBC}") = "Snake", "Demo.Snake\Snake.csproj", "{85E9C755-4F02-4591-B789-7E2A8D340201}"
EndProject
Global
	GlobalSection(SolutionConfigurationPlatforms) = preSolution
		Debug|Any CPU = Debug|Any CPU
		Release|Any CPU = Release|Any CPU
	EndGlobalSection
	GlobalSection(ProjectConfigurationPlatforms) = postSolution
		{597B93F6-8095-4B14-9EDE-AB36C4DD814F}.Debug|Any CPU.ActiveCfg = Debug|Any CPU
		{597B93F6-8095-4B14-9EDE-AB36C4DD814F}.Debug|Any CPU.Build.0 = Debug|Any CPU
		{597B93F6-8095-4B14-9EDE-AB36C4DD814F}.Release|Any CPU.ActiveCfg = Release|Any CPU
		{597B93F6-8095-4B14-9EDE-AB36C4DD814F}.Release|Any CPU.Build.0 = Release|Any CPU
		{F48CA98E-5864-442C-BDE3-BC985AE8ADCD}.Debug|Any CPU.ActiveCfg = Debug|Any CPU
		{F48CA98E-5864-442C-BDE3-BC985AE8ADCD}.Debug|Any CPU.Build.0 = Debug|Any CPU
		{F48CA98E-5864-442C-BDE3-BC985AE8ADCD}.Release|Any CPU.ActiveCfg = Release|Any CPU
		{F48CA98E-5864-442C-BDE3-BC985AE8ADCD}.Release|Any CPU.Build.0 = Release|Any CPU
		{B8F53308-15EE-4A84-A8E5-C97AEE7D6EA7}.Debug|Any CPU.ActiveCfg = Debug|Any CPU
		{B8F53308-15EE-4A84-A8E5-C97AEE7D6EA7}.Debug|Any CPU.Build.0 = Debug|Any CPU
		{B8F53308-15EE-4A84-A8E5-C97AEE7D6EA7}.Release|Any CPU.ActiveCfg = Release|Any CPU
		{B8F53308-15EE-4A84-A8E5-C97AEE7D6EA7}.Release|Any CPU.Build.0 = Release|Any CPU
		{85E9C755-4F02-4591-B789-7E2A8D340201}.Debug|Any CPU.ActiveCfg = Debug|Any CPU
		{85E9C755-4F02-4591-B789-7E2A8D340201}.Debug|Any CPU.Build.0 = Debug|Any CPU
		{85E9C755-4F02-4591-B789-7E2A8D340201}.Release|Any CPU.ActiveCfg = Release|Any CPU
		{85E9C755-4F02-4591-B789-7E2A8D340201}.Release|Any CPU.Build.0 = Release|Any CPU
	EndGlobalSection
	GlobalSection(NestedProjects) = preSolution
		{F48CA98E-5864-442C-BDE3-BC985AE8ADCD} = {E69BAE54-8CAE-404B-94F9-764A6856C095}
		{85E9C755-4F02-4591-B789-7E2A8D340201} = {E69BAE54-8CAE-404B-94F9-764A6856C095}
	EndGlobalSection
EndGlobal
